
Microsoft Visual Studio Solution File, Format Version 12.00
# Visual Studio Version 16
VisualStudioVersion = 16.0.30204.135
MinimumVisualStudioVersion = 10.0.40219.1
Project("{FAE04EC0-301F-11D3-BF4B-00C04F79EFBC}") = "Coursework_IDE", "Coursework_IDE\Coursework_IDE.csproj", "{FC1B870D-AAF8-46C3-965D-457ACAB12891}"
EndProject
Global
	GlobalSection(SolutionConfigurationPlatforms) = preSolution
		Debug|Any CPU = Debug|Any CPU
		Release|Any CPU = Release|Any CPU
	EndGlobalSection
	GlobalSection(ProjectConfigurationPlatforms) = postSolution
		{FC1B870D-AAF8-46C3-965D-457ACAB12891}.Debug|Any CPU.ActiveCfg = Debug|Any CPU
		{FC1B870D-AAF8-46C3-965D-457ACAB12891}.Debug|Any CPU.Build.0 = Debug|Any CPU
		{FC1B870D-AAF8-46C3-965D-457ACAB12891}.Release|Any CPU.ActiveCfg = Release|Any CPU
		{FC1B870D-AAF8-46C3-965D-457ACAB12891}.Release|Any CPU.Build.0 = Release|Any CPU
	EndGlobalSection
	GlobalSection(SolutionProperties) = preSolution
		HideSolutionNode = FALSE
	EndGlobalSection
	GlobalSection(ExtensibilityGlobals) = postSolution
		SolutionGuid = {264B0A44-16B3-4514-951B-1E4B455C1762}
	EndGlobalSection
EndGlobal
